dependencies:
- name: cloudnative-pg
  repository: https://cloudnative-pg.io/charts/
  version: 0.29.0
- name: plugin-barman-cloud
  repository: https://cloudnative-pg.io/charts/
  version: 0.7.0
digest: sha256:501fac063175a1b523df4615b7bb49e5689c5fc63a8e5ee30d699cdc718bfc91
generated: "2026-07-03T03:18:31.516380711Z"
