dependencies:
- name: cloudnative-pg
  repository: https://cloudnative-pg.io/charts/
  version: 0.29.1
- name: plugin-barman-cloud
  repository: https://cloudnative-pg.io/charts/
  version: 0.8.1
digest: sha256:e08a3a8ad4ffa946966ae8184b4c6dc593a79c1905ac3524caaf327e07e96326
generated: "2026-10-02T17:42:19.706894+02:00"
